{
  "name": "slackstuff",
  "version": "1.0.0",
  "lockfileVersion": 1,
  "requires": true,
  "dependencies": {
    "get-image-data": {
      "version": "5.0.0",
      "resolved": "https://registry.npmjs.org/get-image-data/-/get-image-data-5.0.0.tgz",
      "integrity": "sha512-iMkb4Lwsu0L4z0NT0Q++XnBER23IS4qeqUOqiSS7zloMocpDt8PAW1+iDOUvnIMYPGf0YU9vlA2T6ayO4Om9nw=="
    }
  }
}
